
Microsoft Visual Studio Solution File, Format Version 12.00
# Visual Studio Version 17
VisualStudioVersion = 17.10.35122.118
MinimumVisualStudioVersion = 10.0.40219.1
Project("{FAE04EC0-301F-11D3-BF4B-00C04F79EFBC}") = "Ebenezer", "Ebenezer\Ebenezer.csproj", "{D6E82724-DCBE-42C9-B007-D65D61009D76}"
EndProject
Project("{FAE04EC0-301F-11D3-BF4B-00C04F79EFBC}") = "Frank", "Frank\Frank.csproj", "{FC36AE93-04D4-436B-B452-F364D761C28A}"
EndProject
Project("{FAE04EC0-301F-11D3-BF4B-00C04F79EFBC}") = "TheLedger", "TheLedger\TheLedger.csproj", "{AAC73692-2B65-4E22-A731-1C5652C97121}"
EndProject
Project("{FAE04EC0-301F-11D3-BF4B-00C04F79EFBC}") = "Graveyard", "Graveyard\Graveyard.csproj", "{B4D04EE3-995C-4C14-8AC1-4338BB7ECF13}"
EndProject
Project("{2150E333-8FDC-42A3-9474-1A3956D46DE8}") = "Solution Items", "Solution Items", "{74907F0B-DCBE-4790-9DFB-54FF0FC893EB}"
	ProjectSection(SolutionItems) = preProject
		ReadMe.txt = ReadMe.txt
	EndProjectSection
EndProject
Project("{FAE04EC0-301F-11D3-BF4B-00C04F79EFBC}") = "Bob", "Bob\Bob.csproj", "{F8B22332-57B2-43AF-9388-6751AD0A2D9B}"
EndProject
Project("{FAE04EC0-301F-11D3-BF4B-00C04F79EFBC}") = "Stuart", "Stuart\Stuart.csproj", "{9D4780E0-222C-4468-AD11-5DB962A4AC9B}"
EndProject
Project("{FAE04EC0-301F-11D3-BF4B-00C04F79EFBC}") = "TheWarJournal", "TheWarJournal\TheWarJournal.csproj", "{7195D630-449D-4CAE-A29C-5B158D97466E}"
EndProject
Project("{2150E333-8FDC-42A3-9474-1A3956D46DE8}") = "TheMiser", "TheMiser", "{44AC54E8-3B79-4470-9D18-72AE4E4F8B4E}"
EndProject
Project("{2150E333-8FDC-42A3-9474-1A3956D46DE8}") = "ThePunisher", "ThePunisher", "{5CA02466-9CC5-4B31-9E4A-7C77A5DB8C74}"
EndProject
Global
	GlobalSection(SolutionConfigurationPlatforms) = preSolution
		Debug|Any CPU = Debug|Any CPU
		Release|Any CPU = Release|Any CPU
	EndGlobalSection
	GlobalSection(ProjectConfigurationPlatforms) = postSolution
		{D6E82724-DCBE-42C9-B007-D65D61009D76}.Debug|Any CPU.ActiveCfg = Debug|Any CPU
		{D6E82724-DCBE-42C9-B007-D65D61009D76}.Debug|Any CPU.Build.0 = Debug|Any CPU
		{D6E82724-DCBE-42C9-B007-D65D61009D76}.Release|Any CPU.ActiveCfg = Release|Any CPU
		{D6E82724-DCBE-42C9-B007-D65D61009D76}.Release|Any CPU.Build.0 = Release|Any CPU
		{FC36AE93-04D4-436B-B452-F364D761C28A}.Debug|Any CPU.ActiveCfg = Debug|Any CPU
		{FC36AE93-04D4-436B-B452-F364D761C28A}.Debug|Any CPU.Build.0 = Debug|Any CPU
		{FC36AE93-04D4-436B-B452-F364D761C28A}.Release|Any CPU.ActiveCfg = Release|Any CPU
		{FC36AE93-04D4-436B-B452-F364D761C28A}.Release|Any CPU.Build.0 = Release|Any CPU
		{AAC73692-2B65-4E22-A731-1C5652C97121}.Debug|Any CPU.ActiveCfg = Debug|Any CPU
		{AAC73692-2B65-4E22-A731-1C5652C97121}.Debug|Any CPU.Build.0 = Debug|Any CPU
		{AAC73692-2B65-4E22-A731-1C5652C97121}.Release|Any CPU.ActiveCfg = Release|Any CPU
		{AAC73692-2B65-4E22-A731-1C5652C97121}.Release|Any CPU.Build.0 = Release|Any CPU
		{B4D04EE3-995C-4C14-8AC1-4338BB7ECF13}.Debug|Any CPU.ActiveCfg = Debug|Any CPU
		{B4D04EE3-995C-4C14-8AC1-4338BB7ECF13}.Debug|Any CPU.Build.0 = Debug|Any CPU
		{B4D04EE3-995C-4C14-8AC1-4338BB7ECF13}.Release|Any CPU.ActiveCfg = Release|Any CPU
		{B4D04EE3-995C-4C14-8AC1-4338BB7ECF13}.Release|Any CPU.Build.0 = Release|Any CPU
		{F8B22332-57B2-43AF-9388-6751AD0A2D9B}.Debug|Any CPU.ActiveCfg = Debug|Any CPU
		{F8B22332-57B2-43AF-9388-6751AD0A2D9B}.Debug|Any CPU.Build.0 = Debug|Any CPU
		{F8B22332-57B2-43AF-9388-6751AD0A2D9B}.Release|Any CPU.ActiveCfg = Release|Any CPU
		{F8B22332-57B2-43AF-9388-6751AD0A2D9B}.Release|Any CPU.Build.0 = Release|Any CPU
		{9D4780E0-222C-4468-AD11-5DB962A4AC9B}.Debug|Any CPU.ActiveCfg = Debug|Any CPU
		{9D4780E0-222C-4468-AD11-5DB962A4AC9B}.Debug|Any CPU.Build.0 = Debug|Any CPU
		{9D4780E0-222C-4468-AD11-5DB962A4AC9B}.Release|Any CPU.ActiveCfg = Release|Any CPU
		{9D4780E0-222C-4468-AD11-5DB962A4AC9B}.Release|Any CPU.Build.0 = Release|Any CPU
		{7195D630-449D-4CAE-A29C-5B158D97466E}.Debug|Any CPU.ActiveCfg = Debug|Any CPU
		{7195D630-449D-4CAE-A29C-5B158D97466E}.Debug|Any CPU.Build.0 = Debug|Any CPU
		{7195D630-449D-4CAE-A29C-5B158D97466E}.Release|Any CPU.ActiveCfg = Release|Any CPU
		{7195D630-449D-4CAE-A29C-5B158D97466E}.Release|Any CPU.Build.0 = Release|Any CPU
	EndGlobalSection
	GlobalSection(SolutionProperties) = preSolution
		HideSolutionNode = FALSE
	EndGlobalSection
	GlobalSection(NestedProjects) = preSolution
		{D6E82724-DCBE-42C9-B007-D65D61009D76} = {44AC54E8-3B79-4470-9D18-72AE4E4F8B4E}
		{FC36AE93-04D4-436B-B452-F364D761C28A} = {5CA02466-9CC5-4B31-9E4A-7C77A5DB8C74}
		{AAC73692-2B65-4E22-A731-1C5652C97121} = {44AC54E8-3B79-4470-9D18-72AE4E4F8B4E}
		{F8B22332-57B2-43AF-9388-6751AD0A2D9B} = {44AC54E8-3B79-4470-9D18-72AE4E4F8B4E}
		{9D4780E0-222C-4468-AD11-5DB962A4AC9B} = {5CA02466-9CC5-4B31-9E4A-7C77A5DB8C74}
		{7195D630-449D-4CAE-A29C-5B158D97466E} = {5CA02466-9CC5-4B31-9E4A-7C77A5DB8C74}
	EndGlobalSection
	GlobalSection(ExtensibilityGlobals) = postSolution
		SolutionGuid = {C985EA97-B841-4A7D-9F7A-A7D9547164B4}
	EndGlobalSection
EndGlobal
