
Microsoft Visual Studio Solution File, Format Version 12.00
# Visual Studio Version 17
VisualStudioVersion = 17.10.35122.118
MinimumVisualStudioVersion = 10.0.40219.1
Project("{FAE04EC0-301F-11D3-BF4B-00C04F79EFBC}") = "Ebenezer", "Ebenezer\Ebenezer.csproj", "{D6E82724-DCBE-42C9-B007-D65D61009D76}"
EndProject
Project("{FAE04EC0-301F-11D3-BF4B-00C04F79EFBC}") = "Frank", "Frank\Frank.csproj", "{FC36AE93-04D4-436B-B452-F364D761C28A}"
EndProject
Project("{FAE04EC0-301F-11D3-BF4B-00C04F79EFBC}") = "TheLedger", "TheLedger\TheLedger.csproj", "{AAC73692-2B65-4E22-A731-1C5652C97121}"
EndProject
Project("{FAE04EC0-301F-11D3-BF4B-00C04F79EFBC}") = "Graveyard", "Graveyard\Graveyard.csproj", "{B4D04EE3-995C-4C14-8AC1-4338BB7ECF13}"
EndProject
Project("{FAE04EC0-301F-11D3-BF4B-00C04F79EFBC}") = "Bob", "Bob\Bob.csproj", "{5BBDB849-67F8-4CEE-9C72-B3E00DF54740}"
EndProject
Project("{2150E333-8FDC-42A3-9474-1A3956D46DE8}") = "Solution Items", "Solution Items", "{74907F0B-DCBE-4790-9DFB-54FF0FC893EB}"
	ProjectSection(SolutionItems) = preProject
		ReadMe.txt = ReadMe.txt
	EndProjectSection
EndProject
Global
	GlobalSection(SolutionConfigurationPlatforms) = preSolution
		Debug|Any CPU = Debug|Any CPU
		Release|Any CPU = Release|Any CPU
	EndGlobalSection
	GlobalSection(ProjectConfigurationPlatforms) = postSolution
		{D6E82724-DCBE-42C9-B007-D65D61009D76}.Debug|Any CPU.ActiveCfg = Debug|Any CPU
		{D6E82724-DCBE-42C9-B007-D65D61009D76}.Debug|Any CPU.Build.0 = Debug|Any CPU
		{D6E82724-DCBE-42C9-B007-D65D61009D76}.Release|Any CPU.ActiveCfg = Release|Any CPU
		{D6E82724-DCBE-42C9-B007-D65D61009D76}.Release|Any CPU.Build.0 = Release|Any CPU
		{FC36AE93-04D4-436B-B452-F364D761C28A}.Debug|Any CPU.ActiveCfg = Debug|Any CPU
		{FC36AE93-04D4-436B-B452-F364D761C28A}.Debug|Any CPU.Build.0 = Debug|Any CPU
		{FC36AE93-04D4-436B-B452-F364D761C28A}.Release|Any CPU.ActiveCfg = Release|Any CPU
		{FC36AE93-04D4-436B-B452-F364D761C28A}.Release|Any CPU.Build.0 = Release|Any CPU
		{AAC73692-2B65-4E22-A731-1C5652C97121}.Debug|Any CPU.ActiveCfg = Debug|Any CPU
		{AAC73692-2B65-4E22-A731-1C5652C97121}.Debug|Any CPU.Build.0 = Debug|Any CPU
		{AAC73692-2B65-4E22-A731-1C5652C97121}.Release|Any CPU.ActiveCfg = Release|Any CPU
		{AAC73692-2B65-4E22-A731-1C5652C97121}.Release|Any CPU.Build.0 = Release|Any CPU
		{B4D04EE3-995C-4C14-8AC1-4338BB7ECF13}.Debug|Any CPU.ActiveCfg = Debug|Any CPU
		{B4D04EE3-995C-4C14-8AC1-4338BB7ECF13}.Debug|Any CPU.Build.0 = Debug|Any CPU
		{B4D04EE3-995C-4C14-8AC1-4338BB7ECF13}.Release|Any CPU.ActiveCfg = Release|Any CPU
		{B4D04EE3-995C-4C14-8AC1-4338BB7ECF13}.Release|Any CPU.Build.0 = Release|Any CPU
		{5BBDB849-67F8-4CEE-9C72-B3E00DF54740}.Debug|Any CPU.ActiveCfg = Debug|Any CPU
		{5BBDB849-67F8-4CEE-9C72-B3E00DF54740}.Debug|Any CPU.Build.0 = Debug|Any CPU
		{5BBDB849-67F8-4CEE-9C72-B3E00DF54740}.Release|Any CPU.ActiveCfg = Release|Any CPU
		{5BBDB849-67F8-4CEE-9C72-B3E00DF54740}.Release|Any CPU.Build.0 = Release|Any CPU
	EndGlobalSection
	GlobalSection(SolutionProperties) = preSolution
		HideSolutionNode = FALSE
	EndGlobalSection
	GlobalSection(ExtensibilityGlobals) = postSolution
		SolutionGuid = {C985EA97-B841-4A7D-9F7A-A7D9547164B4}
	EndGlobalSection
EndGlobal
